
Microsoft Visual Studio Solution File, Format Version 12.00
# Visual Studio Version 16
VisualStudioVersion = 16.0.29728.190
MinimumVisualStudioVersion = 10.0.40219.1
Project("{FAE04EC0-301F-11D3-BF4B-00C04F79EFBC}") = "ConsoleEFCore", "ConsoleEFCore\ConsoleEFCore.csproj", "{412B9996-2A98-4A7B-8E32-D67DBED75500}"
EndProject
Global
	GlobalSection(SolutionConfigurationPlatforms) = preSolution
		Debug|Any CPU = Debug|Any CPU
		Release|Any CPU = Release|Any CPU
	EndGlobalSection
	GlobalSection(ProjectConfigurationPlatforms) = postSolution
		{412B9996-2A98-4A7B-8E32-D67DBED75500}.Debug|Any CPU.ActiveCfg = Debug|Any CPU
		{412B9996-2A98-4A7B-8E32-D67DBED75500}.Debug|Any CPU.Build.0 = Debug|Any CPU
		{412B9996-2A98-4A7B-8E32-D67DBED75500}.Release|Any CPU.ActiveCfg = Release|Any CPU
		{412B9996-2A98-4A7B-8E32-D67DBED75500}.Release|Any CPU.Build.0 = Release|Any CPU
	EndGlobalSection
	GlobalSection(SolutionProperties) = preSolution
		HideSolutionNode = FALSE
	EndGlobalSection
	GlobalSection(ExtensibilityGlobals) = postSolution
		SolutionGuid = {3E14908F-9913-4543-BD58-102F9039049F}
	EndGlobalSection
EndGlobal
