
Microsoft Visual Studio Solution File, Format Version 12.00
# Visual Studio Version 17
VisualStudioVersion = 17.2.32616.157
MinimumVisualStudioVersion = 10.0.40219.1
Project("{9A19103F-16F7-4668-BE54-9A1E7A4F7556}") = "EFCoreScaffoldExample", "EFCoreScaffoldExample.csproj", "{1278E760-17D6-4DD3-BF16-E68E2973379C}"
EndProject
Global
	GlobalSection(SolutionConfigurationPlatforms) = preSolution
		Debug|Any CPU = Debug|Any CPU
		Release|Any CPU = Release|Any CPU
	EndGlobalSection
	GlobalSection(ProjectConfigurationPlatforms) = postSolution
		{1278E760-17D6-4DD3-BF16-E68E2973379C}.Debug|Any CPU.ActiveCfg = Debug|Any CPU
		{1278E760-17D6-4DD3-BF16-E68E2973379C}.Debug|Any CPU.Build.0 = Debug|Any CPU
		{1278E760-17D6-4DD3-BF16-E68E2973379C}.Release|Any CPU.ActiveCfg = Release|Any CPU
		{1278E760-17D6-4DD3-BF16-E68E2973379C}.Release|Any CPU.Build.0 = Release|Any CPU
	EndGlobalSection
	GlobalSection(SolutionProperties) = preSolution
		HideSolutionNode = FALSE
	EndGlobalSection
	GlobalSection(ExtensibilityGlobals) = postSolution
		SolutionGuid = {DC889FB4-C7CD-454D-B699-05B8BAC1D65E}
	EndGlobalSection
EndGlobal
